
Microsoft Visual Studio Solution File, Format Version 12.00
# Visual Studio Version 17
VisualStudioVersion = 17.8.34309.116
MinimumVisualStudioVersion = 10.0.40219.1
Project("{FAE04EC0-301F-11D3-BF4B-00C04F79EFBC}") = "JuPi", "JuPi.csproj", "{75EE5E9C-CAEC-4EF7-8725-45CAD41BBB20}"
EndProject
Global
	GlobalSection(SolutionConfigurationPlatforms) = preSolution
		Debug|Any CPU = Debug|Any CPU
		Release|Any CPU = Release|Any CPU
	EndGlobalSection
	GlobalSection(ProjectConfigurationPlatforms) = postSolution
		{75EE5E9C-CAEC-4EF7-8725-45CAD41BBB20}.Debug|Any CPU.ActiveCfg = Debug|Any CPU
		{75EE5E9C-CAEC-4EF7-8725-45CAD41BBB20}.Debug|Any CPU.Build.0 = Debug|Any CPU
		{75EE5E9C-CAEC-4EF7-8725-45CAD41BBB20}.Release|Any CPU.ActiveCfg = Release|Any CPU
		{75EE5E9C-CAEC-4EF7-8725-45CAD41BBB20}.Release|Any CPU.Build.0 = Release|Any CPU
	EndGlobalSection
	GlobalSection(SolutionProperties) = preSolution
		HideSolutionNode = FALSE
	EndGlobalSection
	GlobalSection(ExtensibilityGlobals) = postSolution
		SolutionGuid = {637F97D1-E22C-4322-8294-1AE41CA45B19}
	EndGlobalSection
EndGlobal
